
Microsoft Visual Studio Solution File, Format Version 12.00
# Visual Studio Version 16
VisualStudioVersion = 16.0.29306.81
MinimumVisualStudioVersion = 10.0.40219.1
Project("{FAE04EC0-301F-11D3-BF4B-00C04F79EFBC}") = "1109szj", "1109szj\1109szj.csproj", "{576EA3DB-C561-40B7-85EA-4747791A51EE}"
EndProject
Global
	GlobalSection(SolutionConfigurationPlatforms) = preSolution
		Debug|Any CPU = Debug|Any CPU
		Release|Any CPU = Release|Any CPU
	EndGlobalSection
	GlobalSection(ProjectConfigurationPlatforms) = postSolution
		{576EA3DB-C561-40B7-85EA-4747791A51EE}.Debug|Any CPU.ActiveCfg = Debug|Any CPU
		{576EA3DB-C561-40B7-85EA-4747791A51EE}.Debug|Any CPU.Build.0 = Debug|Any CPU
		{576EA3DB-C561-40B7-85EA-4747791A51EE}.Release|Any CPU.ActiveCfg = Release|Any CPU
		{576EA3DB-C561-40B7-85EA-4747791A51EE}.Release|Any CPU.Build.0 = Release|Any CPU
	EndGlobalSection
	GlobalSection(SolutionProperties) = preSolution
		HideSolutionNode = FALSE
	EndGlobalSection
	GlobalSection(ExtensibilityGlobals) = postSolution
		SolutionGuid = {BCAFE8D0-0AE0-46AE-84CC-26C3B5A52BC6}
	EndGlobalSection
EndGlobal
